
Microsoft Visual Studio Solution File, Format Version 12.00
# Visual Studio Version 16
VisualStudioVersion = 16.0.28803.156
MinimumVisualStudioVersion = 10.0.40219.1
Project("{FAE04EC0-301F-11D3-BF4B-00C04F79EFBC}") = "EasySQL", "EasySQL\EasySQL.csproj", "{BFD5901C-BB03-493A-B815-F37E447F2105}"
EndProject
Global
	GlobalSection(SolutionConfigurationPlatforms) = preSolution
		Debug|Any CPU = Debug|Any CPU
		Release|Any CPU = Release|Any CPU
	EndGlobalSection
	GlobalSection(ProjectConfigurationPlatforms) = postSolution
		{BFD5901C-BB03-493A-B815-F37E447F2105}.Debug|Any CPU.ActiveCfg = Debug|Any CPU
		{BFD5901C-BB03-493A-B815-F37E447F2105}.Debug|Any CPU.Build.0 = Debug|Any CPU
		{BFD5901C-BB03-493A-B815-F37E447F2105}.Release|Any CPU.ActiveCfg = Release|Any CPU
		{BFD5901C-BB03-493A-B815-F37E447F2105}.Release|Any CPU.Build.0 = Release|Any CPU
	EndGlobalSection
	GlobalSection(SolutionProperties) = preSolution
		HideSolutionNode = FALSE
	EndGlobalSection
	GlobalSection(ExtensibilityGlobals) = postSolution
		SolutionGuid = {C97DC68D-FE0A-4A6F-BFD4-B81701F07C7D}
	EndGlobalSection
EndGlobal
